
Microsoft Visual Studio Solution File, Format Version 12.00
# Visual Studio Version 16
VisualStudioVersion = 16.0.31727.386
MinimumVisualStudioVersion = 10.0.40219.1
Project("{778DAE3C-4631-46EA-AA77-85C1314464D9}") = "EngineeringChallengeBusiness", "EngineeringChallengeBusiness.vbproj", "{80EEDD0A-0247-47D6-981F-9C71FEE6064F}"
EndProject
Project("{778DAE3C-4631-46EA-AA77-85C1314464D9}") = "EngineeringChallengeBaseProduct", "..\EngineeringChallengeBaseProduct\EngineeringChallengeBaseProduct.vbproj", "{0FC200E8-7BCB-4DA1-AA62-BE6C219C9FFC}"
EndProject
Project("{FAE04EC0-301F-11D3-BF4B-00C04F79EFBC}") = "MelonFront", "..\MelonFront\MelonFront.csproj", "{0A90EE6E-2001-4509-B373-711E16C7175F}"
EndProject
Global
	GlobalSection(SolutionConfigurationPlatforms) = preSolution
		Debug|Any CPU = Debug|Any CPU
		Debug|ARM = Debug|ARM
		Debug|iPhone = Debug|iPhone
		Debug|iPhoneSimulator = Debug|iPhoneSimulator
		Debug|x64 = Debug|x64
		Debug|x86 = Debug|x86
		Release|Any CPU = Release|Any CPU
		Release|ARM = Release|ARM
		Release|iPhone = Release|iPhone
		Release|iPhoneSimulator = Release|iPhoneSimulator
		Release|x64 = Release|x64
		Release|x86 = Release|x86
	EndGlobalSection
	GlobalSection(ProjectConfigurationPlatforms) = postSolution
		{80EEDD0A-0247-47D6-981F-9C71FEE6064F}.Debug|Any CPU.ActiveCfg = Debug|Any CPU
		{80EEDD0A-0247-47D6-981F-9C71FEE6064F}.Debug|Any CPU.Build.0 = Debug|Any CPU
		{80EEDD0A-0247-47D6-981F-9C71FEE6064F}.Debug|ARM.ActiveCfg = Debug|Any CPU
		{80EEDD0A-0247-47D6-981F-9C71FEE6064F}.Debug|ARM.Build.0 = Debug|Any CPU
		{80EEDD0A-0247-47D6-981F-9C71FEE6064F}.Debug|iPhone.ActiveCfg = Debug|Any CPU
		{80EEDD0A-0247-47D6-981F-9C71FEE6064F}.Debug|iPhone.Build.0 = Debug|Any CPU
		{80EEDD0A-0247-47D6-981F-9C71FEE6064F}.Debug|iPhoneSimulator.ActiveCfg = Debug|Any CPU
		{80EEDD0A-0247-47D6-981F-9C71FEE6064F}.Debug|iPhoneSimulator.Build.0 = Debug|Any CPU
		{80EEDD0A-0247-47D6-981F-9C71FEE6064F}.Debug|x64.ActiveCfg = Debug|Any CPU
		{80EEDD0A-0247-47D6-981F-9C71FEE6064F}.Debug|x64.Build.0 = Debug|Any CPU
		{80EEDD0A-0247-47D6-981F-9C71FEE6064F}.Debug|x86.ActiveCfg = Debug|Any CPU
		{80EEDD0A-0247-47D6-981F-9C71FEE6064F}.Debug|x86.Build.0 = Debug|Any CPU
		{80EEDD0A-0247-47D6-981F-9C71FEE6064F}.Release|Any CPU.ActiveCfg = Release|Any CPU
		{80EEDD0A-0247-47D6-981F-9C71FEE6064F}.Release|Any CPU.Build.0 = Release|Any CPU
		{80EEDD0A-0247-47D6-981F-9C71FEE6064F}.Release|ARM.ActiveCfg = Release|Any CPU
		{80EEDD0A-0247-47D6-981F-9C71FEE6064F}.Release|ARM.Build.0 = Release|Any CPU
		{80EEDD0A-0247-47D6-981F-9C71FEE6064F}.Release|iPhone.ActiveCfg = Release|Any CPU
		{80EEDD0A-0247-47D6-981F-9C71FEE6064F}.Release|iPhone.Build.0 = Release|Any CPU
		{80EEDD0A-0247-47D6-981F-9C71FEE6064F}.Release|iPhoneSimulator.ActiveCfg = Release|Any CPU
		{80EEDD0A-0247-47D6-981F-9C71FEE6064F}.Release|iPhoneSimulator.Build.0 = Release|Any CPU
		{80EEDD0A-0247-47D6-981F-9C71FEE6064F}.Release|x64.ActiveCfg = Release|Any CPU
		{80EEDD0A-0247-47D6-981F-9C71FEE6064F}.Release|x64.Build.0 = Release|Any CPU
		{80EEDD0A-0247-47D6-981F-9C71FEE6064F}.Release|x86.ActiveCfg = Release|Any CPU
		{80EEDD0A-0247-47D6-981F-9C71FEE6064F}.Release|x86.Build.0 = Release|Any CPU
		{0FC200E8-7BCB-4DA1-AA62-BE6C219C9FFC}.Debug|Any CPU.ActiveCfg = Debug|Any CPU
		{0FC200E8-7BCB-4DA1-AA62-BE6C219C9FFC}.Debug|Any CPU.Build.0 = Debug|Any CPU
		{0FC200E8-7BCB-4DA1-AA62-BE6C219C9FFC}.Debug|ARM.ActiveCfg = Debug|Any CPU
		{0FC200E8-7BCB-4DA1-AA62-BE6C219C9FFC}.Debug|ARM.Build.0 = Debug|Any CPU
		{0FC200E8-7BCB-4DA1-AA62-BE6C219C9FFC}.Debug|iPhone.ActiveCfg = Debug|Any CPU
		{0FC200E8-7BCB-4DA1-AA62-BE6C219C9FFC}.Debug|iPhone.Build.0 = Debug|Any CPU
		{0FC200E8-7BCB-4DA1-AA62-BE6C219C9FFC}.Debug|iPhoneSimulator.ActiveCfg = Debug|Any CPU
		{0FC200E8-7BCB-4DA1-AA62-BE6C219C9FFC}.Debug|iPhoneSimulator.Build.0 = Debug|Any CPU
		{0FC200E8-7BCB-4DA1-AA62-BE6C219C9FFC}.Debug|x64.ActiveCfg = Debug|Any CPU
		{0FC200E8-7BCB-4DA1-AA62-BE6C219C9FFC}.Debug|x64.Build.0 = Debug|Any CPU
		{0FC200E8-7BCB-4DA1-AA62-BE6C219C9FFC}.Debug|x86.ActiveCfg = Debug|Any CPU
		{0FC200E8-7BCB-4DA1-AA62-BE6C219C9FFC}.Debug|x86.Build.0 = Debug|Any CPU
		{0FC200E8-7BCB-4DA1-AA62-BE6C219C9FFC}.Release|Any CPU.ActiveCfg = Release|Any CPU
		{0FC200E8-7BCB-4DA1-AA62-BE6C219C9FFC}.Release|Any CPU.Build.0 = Release|Any CPU
		{0FC200E8-7BCB-4DA1-AA62-BE6C219C9FFC}.Release|ARM.ActiveCfg = Release|Any CPU
		{0FC200E8-7BCB-4DA1-AA62-BE6C219C9FFC}.Release|ARM.Build.0 = Release|Any CPU
		{0FC200E8-7BCB-4DA1-AA62-BE6C219C9FFC}.Release|iPhone.ActiveCfg = Release|Any CPU
		{0FC200E8-7BCB-4DA1-AA62-BE6C219C9FFC}.Release|iPhone.Build.0 = Release|Any CPU
		{0FC200E8-7BCB-4DA1-AA62-BE6C219C9FFC}.Release|iPhoneSimulator.ActiveCfg = Release|Any CPU
		{0FC200E8-7BCB-4DA1-AA62-BE6C219C9FFC}.Release|iPhoneSimulator.Build.0 = Release|Any CPU
		{0FC200E8-7BCB-4DA1-AA62-BE6C219C9FFC}.Release|x64.ActiveCfg = Release|Any CPU
		{0FC200E8-7BCB-4DA1-AA62-BE6C219C9FFC}.Release|x64.Build.0 = Release|Any CPU
		{0FC200E8-7BCB-4DA1-AA62-BE6C219C9FFC}.Release|x86.ActiveCfg = Release|Any CPU
		{0FC200E8-7BCB-4DA1-AA62-BE6C219C9FFC}.Release|x86.Build.0 = Release|Any CPU
		{0A90EE6E-2001-4509-B373-711E16C7175F}.Debug|Any CPU.ActiveCfg = Debug|Any CPU
		{0A90EE6E-2001-4509-B373-711E16C7175F}.Debug|Any CPU.Build.0 = Debug|Any CPU
		{0A90EE6E-2001-4509-B373-711E16C7175F}.Debug|ARM.ActiveCfg = Debug|Any CPU
		{0A90EE6E-2001-4509-B373-711E16C7175F}.Debug|ARM.Build.0 = Debug|Any CPU
		{0A90EE6E-2001-4509-B373-711E16C7175F}.Debug|iPhone.ActiveCfg = Debug|Any CPU
		{0A90EE6E-2001-4509-B373-711E16C7175F}.Debug|iPhone.Build.0 = Debug|Any CPU
		{0A90EE6E-2001-4509-B373-711E16C7175F}.Debug|iPhoneSimulator.ActiveCfg = Debug|Any CPU
		{0A90EE6E-2001-4509-B373-711E16C7175F}.Debug|iPhoneSimulator.Build.0 = Debug|Any CPU
		{0A90EE6E-2001-4509-B373-711E16C7175F}.Debug|x64.ActiveCfg = Debug|Any CPU
		{0A90EE6E-2001-4509-B373-711E16C7175F}.Debug|x64.Build.0 = Debug|Any CPU
		{0A90EE6E-2001-4509-B373-711E16C7175F}.Debug|x86.ActiveCfg = Debug|Any CPU
		{0A90EE6E-2001-4509-B373-711E16C7175F}.Debug|x86.Build.0 = Debug|Any CPU
		{0A90EE6E-2001-4509-B373-711E16C7175F}.Release|Any CPU.ActiveCfg = Release|Any CPU
		{0A90EE6E-2001-4509-B373-711E16C7175F}.Release|Any CPU.Build.0 = Release|Any CPU
		{0A90EE6E-2001-4509-B373-711E16C7175F}.Release|ARM.ActiveCfg = Release|Any CPU
		{0A90EE6E-2001-4509-B373-711E16C7175F}.Release|ARM.Build.0 = Release|Any CPU
		{0A90EE6E-2001-4509-B373-711E16C7175F}.Release|iPhone.ActiveCfg = Release|Any CPU
		{0A90EE6E-2001-4509-B373-711E16C7175F}.Release|iPhone.Build.0 = Release|Any CPU
		{0A90EE6E-2001-4509-B373-711E16C7175F}.Release|iPhoneSimulator.ActiveCfg = Release|Any CPU
		{0A90EE6E-2001-4509-B373-711E16C7175F}.Release|iPhoneSimulator.Build.0 = Release|Any CPU
		{0A90EE6E-2001-4509-B373-711E16C7175F}.Release|x64.ActiveCfg = Release|Any CPU
		{0A90EE6E-2001-4509-B373-711E16C7175F}.Release|x64.Build.0 = Release|Any CPU
		{0A90EE6E-2001-4509-B373-711E16C7175F}.Release|x86.ActiveCfg = Release|Any CPU
		{0A90EE6E-2001-4509-B373-711E16C7175F}.Release|x86.Build.0 = Release|Any CPU
	EndGlobalSection
	GlobalSection(SolutionProperties) = preSolution
		HideSolutionNode = FALSE
	EndGlobalSection
	GlobalSection(ExtensibilityGlobals) = postSolution
		SolutionGuid = {CE2AC67F-7FE6-4B39-8E4B-266A4506A1EF}
	EndGlobalSection
EndGlobal
